
Microsoft Visual Studio Solution File, Format Version 12.00
# Visual Studio 14
VisualStudioVersion = 14.0.25420.1
MinimumVisualStudioVersion = 10.0.40219.1
Project("{2150E333-8FDC-42A3-9474-1A3956D46DE8}") = "Mod01", "Mod01", "{C9B2318A-6D8E-4D99-835D-CDE39F58C458}"
EndProject
Project("{2150E333-8FDC-42A3-9474-1A3956D46DE8}") = "Mod02", "Mod02", "{325879C2-CB64-4A76-BF88-1A7905121FE6}"
EndProject
Project("{2150E333-8FDC-42A3-9474-1A3956D46DE8}") = "Mod03", "Mod03", "{7BFEEB99-E2BA-40A4-8310-AB5E4D672BF6}"
EndProject
Project("{FAE04EC0-301F-11D3-BF4B-00C04F79EFBC}") = "Mod01Demo01", "Mod01Demo01\Mod01Demo01.csproj", "{50271D84-4031-407A-9AF5-ACC522699015}"
EndProject
Project("{FAE04EC0-301F-11D3-BF4B-00C04F79EFBC}") = "Mod01Demo04", "Mod01Demo04\Mod01Demo04.csproj", "{2CD06775-B273-45C5-B02D-D1C33A9C894F}"
EndProject
Project("{FAE04EC0-301F-11D3-BF4B-00C04F79EFBC}") = "Mod02Demo01", "Mod02Demo01\Mod02Demo01.csproj", "{D4887836-E6D2-4B2E-BD67-321ABF5132EB}"
EndProject
Project("{FAE04EC0-301F-11D3-BF4B-00C04F79EFBC}") = "Mod03Demo01", "Mod03Demo01\Mod03Demo01.csproj", "{406AD6F2-7229-4B77-AFA4-80FA3E662FEC}"
EndProject
Project("{FAE04EC0-301F-11D3-BF4B-00C04F79EFBC}") = "Mod03Demo02", "Mod03Demo02\Mod03Demo02.csproj", "{8053B5C8-616B-4166-9EEA-0129CE4B58F3}"
EndProject
Project("{2150E333-8FDC-42A3-9474-1A3956D46DE8}") = "Mod04", "Mod04", "{63D98EDF-5351-4AA0-B17F-CE3E800E35D4}"
EndProject
Project("{FAE04EC0-301F-11D3-BF4B-00C04F79EFBC}") = "Mod04Demo01", "Mod04Demo01\Mod04Demo01.csproj", "{D70DA374-BA0F-4EB2-91EB-880EB3583208}"
EndProject
Project("{FAE04EC0-301F-11D3-BF4B-00C04F79EFBC}") = "UnitTestProject1", "UnitTestProject1\UnitTestProject1.csproj", "{5EB2C435-9DD7-4E45-B2EE-C1F213505152}"
EndProject
Project("{2150E333-8FDC-42A3-9474-1A3956D46DE8}") = "Mod05", "Mod05", "{A031D494-EC64-4604-8A98-D4337A55E21D}"
EndProject
Project("{FAE04EC0-301F-11D3-BF4B-00C04F79EFBC}") = "Mod05Demo01", "Mod05Demo01\Mod05Demo01.csproj", "{13E142F3-E1DD-40B4-9EEB-2AB158CB1ACA}"
EndProject
Project("{2150E333-8FDC-42A3-9474-1A3956D46DE8}") = "Mod06", "Mod06", "{B53601F1-F79E-4761-B1F1-44AEE1889152}"
EndProject
Project("{FAE04EC0-301F-11D3-BF4B-00C04F79EFBC}") = "Mod06Demo01", "Mod06Demo01\Mod06Demo01.csproj", "{6095C9FD-3345-40BF-A919-9680EA298CB6}"
EndProject
Project("{FAE04EC0-301F-11D3-BF4B-00C04F79EFBC}") = "Mod06Demo02", "Mod06Demo02\Mod06Demo02.csproj", "{B6AFB81A-51BA-4D02-880E-17F24268E6F3}"
EndProject
Global
	GlobalSection(SolutionConfigurationPlatforms) = preSolution
		Debug|Any CPU = Debug|Any CPU
		Release|Any CPU = Release|Any CPU
	EndGlobalSection
	GlobalSection(ProjectConfigurationPlatforms) = postSolution
		{50271D84-4031-407A-9AF5-ACC522699015}.Debug|Any CPU.ActiveCfg = Debug|Any CPU
		{50271D84-4031-407A-9AF5-ACC522699015}.Debug|Any CPU.Build.0 = Debug|Any CPU
		{50271D84-4031-407A-9AF5-ACC522699015}.Release|Any CPU.ActiveCfg = Release|Any CPU
		{50271D84-4031-407A-9AF5-ACC522699015}.Release|Any CPU.Build.0 = Release|Any CPU
		{2CD06775-B273-45C5-B02D-D1C33A9C894F}.Debug|Any CPU.ActiveCfg = Debug|Any CPU
		{2CD06775-B273-45C5-B02D-D1C33A9C894F}.Debug|Any CPU.Build.0 = Debug|Any CPU
		{2CD06775-B273-45C5-B02D-D1C33A9C894F}.Release|Any CPU.ActiveCfg = Release|Any CPU
		{2CD06775-B273-45C5-B02D-D1C33A9C894F}.Release|Any CPU.Build.0 = Release|Any CPU
		{D4887836-E6D2-4B2E-BD67-321ABF5132EB}.Debug|Any CPU.ActiveCfg = Debug|Any CPU
		{D4887836-E6D2-4B2E-BD67-321ABF5132EB}.Debug|Any CPU.Build.0 = Debug|Any CPU
		{D4887836-E6D2-4B2E-BD67-321ABF5132EB}.Release|Any CPU.ActiveCfg = Release|Any CPU
		{D4887836-E6D2-4B2E-BD67-321ABF5132EB}.Release|Any CPU.Build.0 = Release|Any CPU
		{406AD6F2-7229-4B77-AFA4-80FA3E662FEC}.Debug|Any CPU.ActiveCfg = Debug|Any CPU
		{406AD6F2-7229-4B77-AFA4-80FA3E662FEC}.Debug|Any CPU.Build.0 = Debug|Any CPU
		{406AD6F2-7229-4B77-AFA4-80FA3E662FEC}.Release|Any CPU.ActiveCfg = Release|Any CPU
		{406AD6F2-7229-4B77-AFA4-80FA3E662FEC}.Release|Any CPU.Build.0 = Release|Any CPU
		{8053B5C8-616B-4166-9EEA-0129CE4B58F3}.Debug|Any CPU.ActiveCfg = Debug|Any CPU
		{8053B5C8-616B-4166-9EEA-0129CE4B58F3}.Debug|Any CPU.Build.0 = Debug|Any CPU
		{8053B5C8-616B-4166-9EEA-0129CE4B58F3}.Release|Any CPU.ActiveCfg = Release|Any CPU
		{8053B5C8-616B-4166-9EEA-0129CE4B58F3}.Release|Any CPU.Build.0 = Release|Any CPU
		{D70DA374-BA0F-4EB2-91EB-880EB3583208}.Debug|Any CPU.ActiveCfg = Debug|Any CPU
		{D70DA374-BA0F-4EB2-91EB-880EB3583208}.Debug|Any CPU.Build.0 = Debug|Any CPU
		{D70DA374-BA0F-4EB2-91EB-880EB3583208}.Release|Any CPU.ActiveCfg = Release|Any CPU
		{D70DA374-BA0F-4EB2-91EB-880EB3583208}.Release|Any CPU.Build.0 = Release|Any CPU
		{5EB2C435-9DD7-4E45-B2EE-C1F213505152}.Debug|Any CPU.ActiveCfg = Debug|Any CPU
		{5EB2C435-9DD7-4E45-B2EE-C1F213505152}.Debug|Any CPU.Build.0 = Debug|Any CPU
		{5EB2C435-9DD7-4E45-B2EE-C1F213505152}.Release|Any CPU.ActiveCfg = Release|Any CPU
		{5EB2C435-9DD7-4E45-B2EE-C1F213505152}.Release|Any CPU.Build.0 = Release|Any CPU
		{13E142F3-E1DD-40B4-9EEB-2AB158CB1ACA}.Debug|Any CPU.ActiveCfg = Debug|Any CPU
		{13E142F3-E1DD-40B4-9EEB-2AB158CB1ACA}.Debug|Any CPU.Build.0 = Debug|Any CPU
		{13E142F3-E1DD-40B4-9EEB-2AB158CB1ACA}.Release|Any CPU.ActiveCfg = Release|Any CPU
		{13E142F3-E1DD-40B4-9EEB-2AB158CB1ACA}.Release|Any CPU.Build.0 = Release|Any CPU
		{6095C9FD-3345-40BF-A919-9680EA298CB6}.Debug|Any CPU.ActiveCfg = Debug|Any CPU
		{6095C9FD-3345-40BF-A919-9680EA298CB6}.Debug|Any CPU.Build.0 = Debug|Any CPU
		{6095C9FD-3345-40BF-A919-9680EA298CB6}.Release|Any CPU.ActiveCfg = Release|Any CPU
		{6095C9FD-3345-40BF-A919-9680EA298CB6}.Release|Any CPU.Build.0 = Release|Any CPU
		{B6AFB81A-51BA-4D02-880E-17F24268E6F3}.Debug|Any CPU.ActiveCfg = Debug|Any CPU
		{B6AFB81A-51BA-4D02-880E-17F24268E6F3}.Debug|Any CPU.Build.0 = Debug|Any CPU
		{B6AFB81A-51BA-4D02-880E-17F24268E6F3}.Release|Any CPU.ActiveCfg = Release|Any CPU
		{B6AFB81A-51BA-4D02-880E-17F24268E6F3}.Release|Any CPU.Build.0 = Release|Any CPU
	EndGlobalSection
	GlobalSection(SolutionProperties) = preSolution
		HideSolutionNode = FALSE
	EndGlobalSection
	GlobalSection(NestedProjects) = preSolution
		{50271D84-4031-407A-9AF5-ACC522699015} = {C9B2318A-6D8E-4D99-835D-CDE39F58C458}
		{2CD06775-B273-45C5-B02D-D1C33A9C894F} = {C9B2318A-6D8E-4D99-835D-CDE39F58C458}
		{D4887836-E6D2-4B2E-BD67-321ABF5132EB} = {325879C2-CB64-4A76-BF88-1A7905121FE6}
		{406AD6F2-7229-4B77-AFA4-80FA3E662FEC} = {7BFEEB99-E2BA-40A4-8310-AB5E4D672BF6}
		{8053B5C8-616B-4166-9EEA-0129CE4B58F3} = {7BFEEB99-E2BA-40A4-8310-AB5E4D672BF6}
		{D70DA374-BA0F-4EB2-91EB-880EB3583208} = {63D98EDF-5351-4AA0-B17F-CE3E800E35D4}
		{5EB2C435-9DD7-4E45-B2EE-C1F213505152} = {63D98EDF-5351-4AA0-B17F-CE3E800E35D4}
		{13E142F3-E1DD-40B4-9EEB-2AB158CB1ACA} = {A031D494-EC64-4604-8A98-D4337A55E21D}
		{6095C9FD-3345-40BF-A919-9680EA298CB6} = {B53601F1-F79E-4761-B1F1-44AEE1889152}
		{B6AFB81A-51BA-4D02-880E-17F24268E6F3} = {B53601F1-F79E-4761-B1F1-44AEE1889152}
	EndGlobalSection
EndGlobal
